
Microsoft Visual Studio Solution File, Format Version 12.00
# Visual Studio 15
VisualStudioVersion = 15.0.26124.0
MinimumVisualStudioVersion = 15.0.26124.0
Project("{FAE04EC0-301F-11D3-BF4B-00C04F79EFBC}") = "Markdraw", "Markdraw\Markdraw.csproj", "{17A60EEA-FF5B-410E-9D97-879DD676D8EF}"
EndProject
Project("{FAE04EC0-301F-11D3-BF4B-00C04F79EFBC}") = "Markdraw.Delta", "Markdraw.Delta\Markdraw.Delta.csproj", "{3FA21AF7-4267-43A3-805C-E01A4DBB3ECD}"
EndProject
Project("{FAE04EC0-301F-11D3-BF4B-00C04F79EFBC}") = "Markdraw.Delta.Test", "Markdraw.Delta.Test\Markdraw.Delta.Test.csproj", "{CE6006A1-D01D-4BAA-B3DD-F0ECC32093FE}"
EndProject
Project("{FAE04EC0-301F-11D3-BF4B-00C04F79EFBC}") = "Markdraw.MarkdownToDelta", "Markdraw.MarkdownToDelta\Markdraw.MarkdownToDelta.csproj", "{21E67C84-760D-4A5A-9AA0-F43D7B58F5E9}"
EndProject
Project("{FAE04EC0-301F-11D3-BF4B-00C04F79EFBC}") = "Markdraw.MarkdownToDelta.Test", "Markdraw.MarkdownToDelta.Test\Markdraw.MarkdownToDelta.Test.csproj", "{25079D55-3DDB-44D3-9FCC-BD44A1A718C8}"
EndProject
Project("{FAE04EC0-301F-11D3-BF4B-00C04F79EFBC}") = "Markdraw.Tree", "Markdraw.Tree\Markdraw.Tree.csproj", "{805B9406-DA0C-4C20-9CDD-BC2143CAAE3F}"
EndProject
Project("{FAE04EC0-301F-11D3-BF4B-00C04F79EFBC}") = "Markdraw.Tree.Test", "Markdraw.Tree.Test\Markdraw.Tree.Test.csproj", "{86A46DE0-ABE5-4F77-A360-D3A722C69466}"
EndProject
Global
	GlobalSection(SolutionConfigurationPlatforms) = preSolution
		Debug|Any CPU = Debug|Any CPU
		Debug|x64 = Debug|x64
		Debug|x86 = Debug|x86
		Release|Any CPU = Release|Any CPU
		Release|x64 = Release|x64
		Release|x86 = Release|x86
	EndGlobalSection
	GlobalSection(SolutionProperties) = preSolution
		HideSolutionNode = FALSE
	EndGlobalSection
	GlobalSection(ProjectConfigurationPlatforms) = postSolution
		{17A60EEA-FF5B-410E-9D97-879DD676D8EF}.Debug|Any CPU.ActiveCfg = Debug|Any CPU
		{17A60EEA-FF5B-410E-9D97-879DD676D8EF}.Debug|Any CPU.Build.0 = Debug|Any CPU
		{17A60EEA-FF5B-410E-9D97-879DD676D8EF}.Debug|x64.ActiveCfg = Debug|Any CPU
		{17A60EEA-FF5B-410E-9D97-879DD676D8EF}.Debug|x64.Build.0 = Debug|Any CPU
		{17A60EEA-FF5B-410E-9D97-879DD676D8EF}.Debug|x86.ActiveCfg = Debug|Any CPU
		{17A60EEA-FF5B-410E-9D97-879DD676D8EF}.Debug|x86.Build.0 = Debug|Any CPU
		{17A60EEA-FF5B-410E-9D97-879DD676D8EF}.Release|Any CPU.ActiveCfg = Release|Any CPU
		{17A60EEA-FF5B-410E-9D97-879DD676D8EF}.Release|Any CPU.Build.0 = Release|Any CPU
		{17A60EEA-FF5B-410E-9D97-879DD676D8EF}.Release|x64.ActiveCfg = Release|Any CPU
		{17A60EEA-FF5B-410E-9D97-879DD676D8EF}.Release|x64.Build.0 = Release|Any CPU
		{17A60EEA-FF5B-410E-9D97-879DD676D8EF}.Release|x86.ActiveCfg = Release|Any CPU
		{17A60EEA-FF5B-410E-9D97-879DD676D8EF}.Release|x86.Build.0 = Release|Any CPU
		{3FA21AF7-4267-43A3-805C-E01A4DBB3ECD}.Debug|Any CPU.ActiveCfg = Debug|Any CPU
		{3FA21AF7-4267-43A3-805C-E01A4DBB3ECD}.Debug|Any CPU.Build.0 = Debug|Any CPU
		{3FA21AF7-4267-43A3-805C-E01A4DBB3ECD}.Debug|x64.ActiveCfg = Debug|Any CPU
		{3FA21AF7-4267-43A3-805C-E01A4DBB3ECD}.Debug|x64.Build.0 = Debug|Any CPU
		{3FA21AF7-4267-43A3-805C-E01A4DBB3ECD}.Debug|x86.ActiveCfg = Debug|Any CPU
		{3FA21AF7-4267-43A3-805C-E01A4DBB3ECD}.Debug|x86.Build.0 = Debug|Any CPU
		{3FA21AF7-4267-43A3-805C-E01A4DBB3ECD}.Release|Any CPU.ActiveCfg = Release|Any CPU
		{3FA21AF7-4267-43A3-805C-E01A4DBB3ECD}.Release|Any CPU.Build.0 = Release|Any CPU
		{3FA21AF7-4267-43A3-805C-E01A4DBB3ECD}.Release|x64.ActiveCfg = Release|Any CPU
		{3FA21AF7-4267-43A3-805C-E01A4DBB3ECD}.Release|x64.Build.0 = Release|Any CPU
		{3FA21AF7-4267-43A3-805C-E01A4DBB3ECD}.Release|x86.ActiveCfg = Release|Any CPU
		{3FA21AF7-4267-43A3-805C-E01A4DBB3ECD}.Release|x86.Build.0 = Release|Any CPU
		{CE6006A1-D01D-4BAA-B3DD-F0ECC32093FE}.Debug|Any CPU.ActiveCfg = Debug|Any CPU
		{CE6006A1-D01D-4BAA-B3DD-F0ECC32093FE}.Debug|Any CPU.Build.0 = Debug|Any CPU
		{CE6006A1-D01D-4BAA-B3DD-F0ECC32093FE}.Debug|x64.ActiveCfg = Debug|Any CPU
		{CE6006A1-D01D-4BAA-B3DD-F0ECC32093FE}.Debug|x64.Build.0 = Debug|Any CPU
		{CE6006A1-D01D-4BAA-B3DD-F0ECC32093FE}.Debug|x86.ActiveCfg = Debug|Any CPU
		{CE6006A1-D01D-4BAA-B3DD-F0ECC32093FE}.Debug|x86.Build.0 = Debug|Any CPU
		{CE6006A1-D01D-4BAA-B3DD-F0ECC32093FE}.Release|Any CPU.ActiveCfg = Release|Any CPU
		{CE6006A1-D01D-4BAA-B3DD-F0ECC32093FE}.Release|Any CPU.Build.0 = Release|Any CPU
		{CE6006A1-D01D-4BAA-B3DD-F0ECC32093FE}.Release|x64.ActiveCfg = Release|Any CPU
		{CE6006A1-D01D-4BAA-B3DD-F0ECC32093FE}.Release|x64.Build.0 = Release|Any CPU
		{CE6006A1-D01D-4BAA-B3DD-F0ECC32093FE}.Release|x86.ActiveCfg = Release|Any CPU
		{CE6006A1-D01D-4BAA-B3DD-F0ECC32093FE}.Release|x86.Build.0 = Release|Any CPU
		{21E67C84-760D-4A5A-9AA0-F43D7B58F5E9}.Debug|Any CPU.ActiveCfg = Debug|Any CPU
		{21E67C84-760D-4A5A-9AA0-F43D7B58F5E9}.Debug|Any CPU.Build.0 = Debug|Any CPU
		{21E67C84-760D-4A5A-9AA0-F43D7B58F5E9}.Debug|x64.ActiveCfg = Debug|Any CPU
		{21E67C84-760D-4A5A-9AA0-F43D7B58F5E9}.Debug|x64.Build.0 = Debug|Any CPU
		{21E67C84-760D-4A5A-9AA0-F43D7B58F5E9}.Debug|x86.ActiveCfg = Debug|Any CPU
		{21E67C84-760D-4A5A-9AA0-F43D7B58F5E9}.Debug|x86.Build.0 = Debug|Any CPU
		{21E67C84-760D-4A5A-9AA0-F43D7B58F5E9}.Release|Any CPU.ActiveCfg = Release|Any CPU
		{21E67C84-760D-4A5A-9AA0-F43D7B58F5E9}.Release|Any CPU.Build.0 = Release|Any CPU
		{21E67C84-760D-4A5A-9AA0-F43D7B58F5E9}.Release|x64.ActiveCfg = Release|Any CPU
		{21E67C84-760D-4A5A-9AA0-F43D7B58F5E9}.Release|x64.Build.0 = Release|Any CPU
		{21E67C84-760D-4A5A-9AA0-F43D7B58F5E9}.Release|x86.ActiveCfg = Release|Any CPU
		{21E67C84-760D-4A5A-9AA0-F43D7B58F5E9}.Release|x86.Build.0 = Release|Any CPU
		{25079D55-3DDB-44D3-9FCC-BD44A1A718C8}.Debug|Any CPU.ActiveCfg = Debug|Any CPU
		{25079D55-3DDB-44D3-9FCC-BD44A1A718C8}.Debug|Any CPU.Build.0 = Debug|Any CPU
		{25079D55-3DDB-44D3-9FCC-BD44A1A718C8}.Debug|x64.ActiveCfg = Debug|Any CPU
		{25079D55-3DDB-44D3-9FCC-BD44A1A718C8}.Debug|x64.Build.0 = Debug|Any CPU
		{25079D55-3DDB-44D3-9FCC-BD44A1A718C8}.Debug|x86.ActiveCfg = Debug|Any CPU
		{25079D55-3DDB-44D3-9FCC-BD44A1A718C8}.Debug|x86.Build.0 = Debug|Any CPU
		{25079D55-3DDB-44D3-9FCC-BD44A1A718C8}.Release|Any CPU.ActiveCfg = Release|Any CPU
		{25079D55-3DDB-44D3-9FCC-BD44A1A718C8}.Release|Any CPU.Build.0 = Release|Any CPU
		{25079D55-3DDB-44D3-9FCC-BD44A1A718C8}.Release|x64.ActiveCfg = Release|Any CPU
		{25079D55-3DDB-44D3-9FCC-BD44A1A718C8}.Release|x64.Build.0 = Release|Any CPU
		{25079D55-3DDB-44D3-9FCC-BD44A1A718C8}.Release|x86.ActiveCfg = Release|Any CPU
		{25079D55-3DDB-44D3-9FCC-BD44A1A718C8}.Release|x86.Build.0 = Release|Any CPU
		{805B9406-DA0C-4C20-9CDD-BC2143CAAE3F}.Debug|Any CPU.ActiveCfg = Debug|Any CPU
		{805B9406-DA0C-4C20-9CDD-BC2143CAAE3F}.Debug|Any CPU.Build.0 = Debug|Any CPU
		{805B9406-DA0C-4C20-9CDD-BC2143CAAE3F}.Debug|x64.ActiveCfg = Debug|Any CPU
		{805B9406-DA0C-4C20-9CDD-BC2143CAAE3F}.Debug|x64.Build.0 = Debug|Any CPU
		{805B9406-DA0C-4C20-9CDD-BC2143CAAE3F}.Debug|x86.ActiveCfg = Debug|Any CPU
		{805B9406-DA0C-4C20-9CDD-BC2143CAAE3F}.Debug|x86.Build.0 = Debug|Any CPU
		{805B9406-DA0C-4C20-9CDD-BC2143CAAE3F}.Release|Any CPU.ActiveCfg = Release|Any CPU
		{805B9406-DA0C-4C20-9CDD-BC2143CAAE3F}.Release|Any CPU.Build.0 = Release|Any CPU
		{805B9406-DA0C-4C20-9CDD-BC2143CAAE3F}.Release|x64.ActiveCfg = Release|Any CPU
		{805B9406-DA0C-4C20-9CDD-BC2143CAAE3F}.Release|x64.Build.0 = Release|Any CPU
		{805B9406-DA0C-4C20-9CDD-BC2143CAAE3F}.Release|x86.ActiveCfg = Release|Any CPU
		{805B9406-DA0C-4C20-9CDD-BC2143CAAE3F}.Release|x86.Build.0 = Release|Any CPU
		{86A46DE0-ABE5-4F77-A360-D3A722C69466}.Debug|Any CPU.ActiveCfg = Debug|Any CPU
		{86A46DE0-ABE5-4F77-A360-D3A722C69466}.Debug|Any CPU.Build.0 = Debug|Any CPU
		{86A46DE0-ABE5-4F77-A360-D3A722C69466}.Debug|x64.ActiveCfg = Debug|Any CPU
		{86A46DE0-ABE5-4F77-A360-D3A722C69466}.Debug|x64.Build.0 = Debug|Any CPU
		{86A46DE0-ABE5-4F77-A360-D3A722C69466}.Debug|x86.ActiveCfg = Debug|Any CPU
		{86A46DE0-ABE5-4F77-A360-D3A722C69466}.Debug|x86.Build.0 = Debug|Any CPU
		{86A46DE0-ABE5-4F77-A360-D3A722C69466}.Release|Any CPU.ActiveCfg = Release|Any CPU
		{86A46DE0-ABE5-4F77-A360-D3A722C69466}.Release|Any CPU.Build.0 = Release|Any CPU
		{86A46DE0-ABE5-4F77-A360-D3A722C69466}.Release|x64.ActiveCfg = Release|Any CPU
		{86A46DE0-ABE5-4F77-A360-D3A722C69466}.Release|x64.Build.0 = Release|Any CPU
		{86A46DE0-ABE5-4F77-A360-D3A722C69466}.Release|x86.ActiveCfg = Release|Any CPU
		{86A46DE0-ABE5-4F77-A360-D3A722C69466}.Release|x86.Build.0 = Release|Any CPU
	EndGlobalSection
EndGlobal
