
Microsoft Visual Studio Solution File, Format Version 12.00
# Visual Studio Version 16
VisualStudioVersion = 16.0.31515.178
MinimumVisualStudioVersion = 15.0.26124.0
Project("{9A19103F-16F7-4668-BE54-9A1E7A4F7556}") = "Markdraw.Delta", "Markdraw.Delta\Markdraw.Delta.csproj", "{3FA21AF7-4267-43A3-805C-E01A4DBB3ECD}"
EndProject
Project("{9A19103F-16F7-4668-BE54-9A1E7A4F7556}") = "Markdraw.Delta.Test", "Markdraw.Delta.Test\Markdraw.Delta.Test.csproj", "{CE6006A1-D01D-4BAA-B3DD-F0ECC32093FE}"
EndProject
Project("{9A19103F-16F7-4668-BE54-9A1E7A4F7556}") = "Markdraw.MarkdownToDelta", "Markdraw.MarkdownToDelta\Markdraw.MarkdownToDelta.csproj", "{21E67C84-760D-4A5A-9AA0-F43D7B58F5E9}"
EndProject
Project("{9A19103F-16F7-4668-BE54-9A1E7A4F7556}") = "Markdraw.Tree", "Markdraw.Tree\Markdraw.Tree.csproj", "{805B9406-DA0C-4C20-9CDD-BC2143CAAE3F}"
EndProject
Project("{9A19103F-16F7-4668-BE54-9A1E7A4F7556}") = "Markdraw.Tree.Test", "Markdraw.Tree.Test\Markdraw.Tree.Test.csproj", "{86A46DE0-ABE5-4F77-A360-D3A722C69466}"
EndProject
Project("{9A19103F-16F7-4668-BE54-9A1E7A4F7556}") = "MarkdrawBrowser", "MarkdrawBrowser\MarkdrawBrowser.csproj", "{9BAE56CD-5429-4BE1-A7CE-08EA1BEAFDFA}"
EndProject
Project("{9A19103F-16F7-4668-BE54-9A1E7A4F7556}") = "Markdraw.Parser", "Markdraw.Parser\Markdraw.Parser.csproj", "{F309E5B1-EE48-4FCF-B6DE-CC47E1A993E0}"
EndProject
Project("{9A19103F-16F7-4668-BE54-9A1E7A4F7556}") = "Markdraw.Parser.Test", "Markdraw.Parser.Test\Markdraw.Parser.Test.csproj", "{3BA47FD2-E1E9-48C1-8040-9C1EA7BFF830}"
EndProject
Project("{9A19103F-16F7-4668-BE54-9A1E7A4F7556}") = "SpecFileGen", "SpecFileGen\SpecFileGen.csproj", "{6D278FEA-DBFA-47F7-96F7-3AC4AB128AAE}"
EndProject
Global
	GlobalSection(SolutionConfigurationPlatforms) = preSolution
		Debug|Any CPU = Debug|Any CPU
		Debug|x64 = Debug|x64
		Debug|x86 = Debug|x86
		Release|Any CPU = Release|Any CPU
		Release|x64 = Release|x64
		Release|x86 = Release|x86
	EndGlobalSection
	GlobalSection(ProjectConfigurationPlatforms) = postSolution
		{3FA21AF7-4267-43A3-805C-E01A4DBB3ECD}.Debug|Any CPU.ActiveCfg = Debug|Any CPU
		{3FA21AF7-4267-43A3-805C-E01A4DBB3ECD}.Debug|Any CPU.Build.0 = Debug|Any CPU
		{3FA21AF7-4267-43A3-805C-E01A4DBB3ECD}.Debug|x64.ActiveCfg = Debug|Any CPU
		{3FA21AF7-4267-43A3-805C-E01A4DBB3ECD}.Debug|x64.Build.0 = Debug|Any CPU
		{3FA21AF7-4267-43A3-805C-E01A4DBB3ECD}.Debug|x86.ActiveCfg = Debug|Any CPU
		{3FA21AF7-4267-43A3-805C-E01A4DBB3ECD}.Debug|x86.Build.0 = Debug|Any CPU
		{3FA21AF7-4267-43A3-805C-E01A4DBB3ECD}.Release|Any CPU.ActiveCfg = Release|Any CPU
		{3FA21AF7-4267-43A3-805C-E01A4DBB3ECD}.Release|Any CPU.Build.0 = Release|Any CPU
		{3FA21AF7-4267-43A3-805C-E01A4DBB3ECD}.Release|x64.ActiveCfg = Release|Any CPU
		{3FA21AF7-4267-43A3-805C-E01A4DBB3ECD}.Release|x64.Build.0 = Release|Any CPU
		{3FA21AF7-4267-43A3-805C-E01A4DBB3ECD}.Release|x86.ActiveCfg = Release|Any CPU
		{3FA21AF7-4267-43A3-805C-E01A4DBB3ECD}.Release|x86.Build.0 = Release|Any CPU
		{CE6006A1-D01D-4BAA-B3DD-F0ECC32093FE}.Debug|Any CPU.ActiveCfg = Debug|Any CPU
		{CE6006A1-D01D-4BAA-B3DD-F0ECC32093FE}.Debug|Any CPU.Build.0 = Debug|Any CPU
		{CE6006A1-D01D-4BAA-B3DD-F0ECC32093FE}.Debug|x64.ActiveCfg = Debug|Any CPU
		{CE6006A1-D01D-4BAA-B3DD-F0ECC32093FE}.Debug|x64.Build.0 = Debug|Any CPU
		{CE6006A1-D01D-4BAA-B3DD-F0ECC32093FE}.Debug|x86.ActiveCfg = Debug|Any CPU
		{CE6006A1-D01D-4BAA-B3DD-F0ECC32093FE}.Debug|x86.Build.0 = Debug|Any CPU
		{CE6006A1-D01D-4BAA-B3DD-F0ECC32093FE}.Release|Any CPU.ActiveCfg = Release|Any CPU
		{CE6006A1-D01D-4BAA-B3DD-F0ECC32093FE}.Release|Any CPU.Build.0 = Release|Any CPU
		{CE6006A1-D01D-4BAA-B3DD-F0ECC32093FE}.Release|x64.ActiveCfg = Release|Any CPU
		{CE6006A1-D01D-4BAA-B3DD-F0ECC32093FE}.Release|x64.Build.0 = Release|Any CPU
		{CE6006A1-D01D-4BAA-B3DD-F0ECC32093FE}.Release|x86.ActiveCfg = Release|Any CPU
		{CE6006A1-D01D-4BAA-B3DD-F0ECC32093FE}.Release|x86.Build.0 = Release|Any CPU
		{21E67C84-760D-4A5A-9AA0-F43D7B58F5E9}.Debug|Any CPU.ActiveCfg = Debug|Any CPU
		{21E67C84-760D-4A5A-9AA0-F43D7B58F5E9}.Debug|Any CPU.Build.0 = Debug|Any CPU
		{21E67C84-760D-4A5A-9AA0-F43D7B58F5E9}.Debug|x64.ActiveCfg = Debug|Any CPU
		{21E67C84-760D-4A5A-9AA0-F43D7B58F5E9}.Debug|x64.Build.0 = Debug|Any CPU
		{21E67C84-760D-4A5A-9AA0-F43D7B58F5E9}.Debug|x86.ActiveCfg = Debug|Any CPU
		{21E67C84-760D-4A5A-9AA0-F43D7B58F5E9}.Debug|x86.Build.0 = Debug|Any CPU
		{21E67C84-760D-4A5A-9AA0-F43D7B58F5E9}.Release|Any CPU.ActiveCfg = Release|Any CPU
		{21E67C84-760D-4A5A-9AA0-F43D7B58F5E9}.Release|Any CPU.Build.0 = Release|Any CPU
		{21E67C84-760D-4A5A-9AA0-F43D7B58F5E9}.Release|x64.ActiveCfg = Release|Any CPU
		{21E67C84-760D-4A5A-9AA0-F43D7B58F5E9}.Release|x64.Build.0 = Release|Any CPU
		{21E67C84-760D-4A5A-9AA0-F43D7B58F5E9}.Release|x86.ActiveCfg = Release|Any CPU
		{21E67C84-760D-4A5A-9AA0-F43D7B58F5E9}.Release|x86.Build.0 = Release|Any CPU
		{805B9406-DA0C-4C20-9CDD-BC2143CAAE3F}.Debug|Any CPU.ActiveCfg = Debug|Any CPU
		{805B9406-DA0C-4C20-9CDD-BC2143CAAE3F}.Debug|Any CPU.Build.0 = Debug|Any CPU
		{805B9406-DA0C-4C20-9CDD-BC2143CAAE3F}.Debug|x64.ActiveCfg = Debug|Any CPU
		{805B9406-DA0C-4C20-9CDD-BC2143CAAE3F}.Debug|x64.Build.0 = Debug|Any CPU
		{805B9406-DA0C-4C20-9CDD-BC2143CAAE3F}.Debug|x86.ActiveCfg = Debug|Any CPU
		{805B9406-DA0C-4C20-9CDD-BC2143CAAE3F}.Debug|x86.Build.0 = Debug|Any CPU
		{805B9406-DA0C-4C20-9CDD-BC2143CAAE3F}.Release|Any CPU.ActiveCfg = Release|Any CPU
		{805B9406-DA0C-4C20-9CDD-BC2143CAAE3F}.Release|Any CPU.Build.0 = Release|Any CPU
		{805B9406-DA0C-4C20-9CDD-BC2143CAAE3F}.Release|x64.ActiveCfg = Release|Any CPU
		{805B9406-DA0C-4C20-9CDD-BC2143CAAE3F}.Release|x64.Build.0 = Release|Any CPU
		{805B9406-DA0C-4C20-9CDD-BC2143CAAE3F}.Release|x86.ActiveCfg = Release|Any CPU
		{805B9406-DA0C-4C20-9CDD-BC2143CAAE3F}.Release|x86.Build.0 = Release|Any CPU
		{86A46DE0-ABE5-4F77-A360-D3A722C69466}.Debug|Any CPU.ActiveCfg = Debug|Any CPU
		{86A46DE0-ABE5-4F77-A360-D3A722C69466}.Debug|Any CPU.Build.0 = Debug|Any CPU
		{86A46DE0-ABE5-4F77-A360-D3A722C69466}.Debug|x64.ActiveCfg = Debug|Any CPU
		{86A46DE0-ABE5-4F77-A360-D3A722C69466}.Debug|x64.Build.0 = Debug|Any CPU
		{86A46DE0-ABE5-4F77-A360-D3A722C69466}.Debug|x86.ActiveCfg = Debug|Any CPU
		{86A46DE0-ABE5-4F77-A360-D3A722C69466}.Debug|x86.Build.0 = Debug|Any CPU
		{86A46DE0-ABE5-4F77-A360-D3A722C69466}.Release|Any CPU.ActiveCfg = Release|Any CPU
		{86A46DE0-ABE5-4F77-A360-D3A722C69466}.Release|Any CPU.Build.0 = Release|Any CPU
		{86A46DE0-ABE5-4F77-A360-D3A722C69466}.Release|x64.ActiveCfg = Release|Any CPU
		{86A46DE0-ABE5-4F77-A360-D3A722C69466}.Release|x64.Build.0 = Release|Any CPU
		{86A46DE0-ABE5-4F77-A360-D3A722C69466}.Release|x86.ActiveCfg = Release|Any CPU
		{86A46DE0-ABE5-4F77-A360-D3A722C69466}.Release|x86.Build.0 = Release|Any CPU
		{9BAE56CD-5429-4BE1-A7CE-08EA1BEAFDFA}.Debug|Any CPU.ActiveCfg = Debug|Any CPU
		{9BAE56CD-5429-4BE1-A7CE-08EA1BEAFDFA}.Debug|Any CPU.Build.0 = Debug|Any CPU
		{9BAE56CD-5429-4BE1-A7CE-08EA1BEAFDFA}.Debug|x64.ActiveCfg = Debug|Any CPU
		{9BAE56CD-5429-4BE1-A7CE-08EA1BEAFDFA}.Debug|x64.Build.0 = Debug|Any CPU
		{9BAE56CD-5429-4BE1-A7CE-08EA1BEAFDFA}.Debug|x86.ActiveCfg = Debug|Any CPU
		{9BAE56CD-5429-4BE1-A7CE-08EA1BEAFDFA}.Debug|x86.Build.0 = Debug|Any CPU
		{9BAE56CD-5429-4BE1-A7CE-08EA1BEAFDFA}.Release|Any CPU.ActiveCfg = Release|Any CPU
		{9BAE56CD-5429-4BE1-A7CE-08EA1BEAFDFA}.Release|Any CPU.Build.0 = Release|Any CPU
		{9BAE56CD-5429-4BE1-A7CE-08EA1BEAFDFA}.Release|x64.ActiveCfg = Release|Any CPU
		{9BAE56CD-5429-4BE1-A7CE-08EA1BEAFDFA}.Release|x64.Build.0 = Release|Any CPU
		{9BAE56CD-5429-4BE1-A7CE-08EA1BEAFDFA}.Release|x86.ActiveCfg = Release|Any CPU
		{9BAE56CD-5429-4BE1-A7CE-08EA1BEAFDFA}.Release|x86.Build.0 = Release|Any CPU
		{F309E5B1-EE48-4FCF-B6DE-CC47E1A993E0}.Debug|Any CPU.ActiveCfg = Debug|Any CPU
		{F309E5B1-EE48-4FCF-B6DE-CC47E1A993E0}.Debug|Any CPU.Build.0 = Debug|Any CPU
		{F309E5B1-EE48-4FCF-B6DE-CC47E1A993E0}.Debug|x64.ActiveCfg = Debug|Any CPU
		{F309E5B1-EE48-4FCF-B6DE-CC47E1A993E0}.Debug|x64.Build.0 = Debug|Any CPU
		{F309E5B1-EE48-4FCF-B6DE-CC47E1A993E0}.Debug|x86.ActiveCfg = Debug|Any CPU
		{F309E5B1-EE48-4FCF-B6DE-CC47E1A993E0}.Debug|x86.Build.0 = Debug|Any CPU
		{F309E5B1-EE48-4FCF-B6DE-CC47E1A993E0}.Release|Any CPU.ActiveCfg = Release|Any CPU
		{F309E5B1-EE48-4FCF-B6DE-CC47E1A993E0}.Release|Any CPU.Build.0 = Release|Any CPU
		{F309E5B1-EE48-4FCF-B6DE-CC47E1A993E0}.Release|x64.ActiveCfg = Release|Any CPU
		{F309E5B1-EE48-4FCF-B6DE-CC47E1A993E0}.Release|x64.Build.0 = Release|Any CPU
		{F309E5B1-EE48-4FCF-B6DE-CC47E1A993E0}.Release|x86.ActiveCfg = Release|Any CPU
		{F309E5B1-EE48-4FCF-B6DE-CC47E1A993E0}.Release|x86.Build.0 = Release|Any CPU
		{3BA47FD2-E1E9-48C1-8040-9C1EA7BFF830}.Debug|Any CPU.ActiveCfg = Debug|Any CPU
		{3BA47FD2-E1E9-48C1-8040-9C1EA7BFF830}.Debug|Any CPU.Build.0 = Debug|Any CPU
		{3BA47FD2-E1E9-48C1-8040-9C1EA7BFF830}.Debug|x64.ActiveCfg = Debug|Any CPU
		{3BA47FD2-E1E9-48C1-8040-9C1EA7BFF830}.Debug|x64.Build.0 = Debug|Any CPU
		{3BA47FD2-E1E9-48C1-8040-9C1EA7BFF830}.Debug|x86.ActiveCfg = Debug|Any CPU
		{3BA47FD2-E1E9-48C1-8040-9C1EA7BFF830}.Debug|x86.Build.0 = Debug|Any CPU
		{3BA47FD2-E1E9-48C1-8040-9C1EA7BFF830}.Release|Any CPU.ActiveCfg = Release|Any CPU
		{3BA47FD2-E1E9-48C1-8040-9C1EA7BFF830}.Release|Any CPU.Build.0 = Release|Any CPU
		{3BA47FD2-E1E9-48C1-8040-9C1EA7BFF830}.Release|x64.ActiveCfg = Release|Any CPU
		{3BA47FD2-E1E9-48C1-8040-9C1EA7BFF830}.Release|x64.Build.0 = Release|Any CPU
		{3BA47FD2-E1E9-48C1-8040-9C1EA7BFF830}.Release|x86.ActiveCfg = Release|Any CPU
		{3BA47FD2-E1E9-48C1-8040-9C1EA7BFF830}.Release|x86.Build.0 = Release|Any CPU
		{6D278FEA-DBFA-47F7-96F7-3AC4AB128AAE}.Debug|Any CPU.ActiveCfg = Debug|Any CPU
		{6D278FEA-DBFA-47F7-96F7-3AC4AB128AAE}.Debug|Any CPU.Build.0 = Debug|Any CPU
		{6D278FEA-DBFA-47F7-96F7-3AC4AB128AAE}.Debug|x64.ActiveCfg = Debug|Any CPU
		{6D278FEA-DBFA-47F7-96F7-3AC4AB128AAE}.Debug|x64.Build.0 = Debug|Any CPU
		{6D278FEA-DBFA-47F7-96F7-3AC4AB128AAE}.Debug|x86.ActiveCfg = Debug|Any CPU
		{6D278FEA-DBFA-47F7-96F7-3AC4AB128AAE}.Debug|x86.Build.0 = Debug|Any CPU
		{6D278FEA-DBFA-47F7-96F7-3AC4AB128AAE}.Release|Any CPU.ActiveCfg = Release|Any CPU
		{6D278FEA-DBFA-47F7-96F7-3AC4AB128AAE}.Release|Any CPU.Build.0 = Release|Any CPU
		{6D278FEA-DBFA-47F7-96F7-3AC4AB128AAE}.Release|x64.ActiveCfg = Release|Any CPU
		{6D278FEA-DBFA-47F7-96F7-3AC4AB128AAE}.Release|x64.Build.0 = Release|Any CPU
		{6D278FEA-DBFA-47F7-96F7-3AC4AB128AAE}.Release|x86.ActiveCfg = Release|Any CPU
		{6D278FEA-DBFA-47F7-96F7-3AC4AB128AAE}.Release|x86.Build.0 = Release|Any CPU
	EndGlobalSection
	GlobalSection(SolutionProperties) = preSolution
		HideSolutionNode = FALSE
	EndGlobalSection
	GlobalSection(ExtensibilityGlobals) = postSolution
		SolutionGuid = {D811DF8B-ABC0-4BE8-968F-F0BC0E3B497D}
	EndGlobalSection
EndGlobal
